{
  "name": "hashs-django",
  "version": "1.0.0",
  "lockfileVersion": 1,
  "requires": true,
  "dependencies": {
    "bcryptjs": {
      "version": "2.4.3",
      "resolved": "https://registry.npmjs.org/bcryptjs/-/bcryptjs-2.4.3.tgz",
      "integrity": "sha1-mrVie5PmBiH/fNrF2pczAn3x0Ms="
    },
    "crypto": {
      "version": "0.0.3",
      "resolved": "https://registry.npmjs.org/crypto/-/crypto-0.0.3.tgz",
      "integrity": "sha1-RwqBuGvkxe4XrMggeh9TFa4g27A="
    },
    "node-django-hashers": {
      "version": "1.0.9",
      "resolved": "https://registry.npmjs.org/node-django-hashers/-/node-django-hashers-1.0.9.tgz",
      "integrity": "sha1-IfUqvHTjEjIaSfUWvlh1DWwE6/k=",
      "requires": {
        "bcryptjs": "2.4.3",
        "crypto": "0.0.3"
      }
    }
  }
}
